{
  "nodes": {
    "flake-parts": {
      "inputs": {
        "nixpkgs-lib": "nixpkgs-lib"
      },
      "locked": {
        "lastModified": 1741352980,
        "narHash": "sha256-+u2UunDA4Cl5Fci3m7S643HzKmIDAe+fiXrLqYsR2fs=",
        "owner": "hercules-ci",
        "repo": "flake-parts",
        "rev": "f4330d22f1c5d2ba72d3d22df5597d123fdb60a9",
        "type": "github"
      },
      "original": {
        "owner": "hercules-ci",
        "repo": "flake-parts",
        "type": "github"
      }
    },
    "flake-parts_2": {
      "inputs": {
        "nixpkgs-lib": "nixpkgs-lib_2"
      },
      "locked": {
        "lastModified": 1736143030,
        "narHash": "sha256-+hu54pAoLDEZT9pjHlqL9DNzWz0NbUn8NEAHP7PQPzU=",
        "owner": "hercules-ci",
        "repo": "flake-parts",
        "rev": "b905f6fc23a9051a6e1b741e1438dbfc0634c6de",
        "type": "github"
      },
      "original": {
        "owner": "hercules-ci",
        "repo": "flake-parts",
        "type": "github"
      }
    },
    "flocken": {
      "inputs": {
        "flake-parts": "flake-parts_2",
        "nixpkgs": [
          "nixpkgs"
        ],
        "systems": "systems"
      },
      "locked": {
        "lastModified": 1737581094,
        "narHash": "sha256-MSjyNy4zENfngnSdXQ6ef/wwACB0jfDyhy0qkI67F9A=",
        "owner": "mirkolenz",
        "repo": "flocken",
        "rev": "97921a2650cb3de20c2a5ee591b00a6d5099fc40",
        "type": "github"
      },
      "original": {
        "owner": "mirkolenz",
        "ref": "v2",
        "repo": "flocken",
        "type": "github"
      }
    },
    "nixpkgs": {
      "locked": {
        "lastModified": 1742206328,
        "narHash": "sha256-q+AQ///oMnyyFzzF4H9ShSRENt3Zsx37jTiRkLkXXE0=",
        "owner": "nixos",
        "repo": "nixpkgs",
        "rev": "096478927c360bc18ea80c8274f013709cf7bdcd",
        "type": "github"
      },
      "original": {
        "owner": "nixos",
        "ref": "nixpkgs-unstable",
        "repo": "nixpkgs",
        "type": "github"
      }
    },
    "nixpkgs-lib": {
      "locked": {
        "lastModified": 1740877520,
        "narHash": "sha256-oiwv/ZK/2FhGxrCkQkB83i7GnWXPPLzoqFHpDD3uYpk=",
        "owner": "nix-community",
        "repo": "nixpkgs.lib",
        "rev": "147dee35aab2193b174e4c0868bd80ead5ce755c",
        "type": "github"
      },
      "original": {
        "owner": "nix-community",
        "repo": "nixpkgs.lib",
        "type": "github"
      }
    },
    "nixpkgs-lib_2": {
      "locked": {
        "lastModified": 1735774519,
        "narHash": "sha256-CewEm1o2eVAnoqb6Ml+Qi9Gg/EfNAxbRx1lANGVyoLI=",
        "type": "tarball",
        "url": "https://github.com/NixOS/nixpkgs/archive/e9b51731911566bbf7e4895475a87fe06961de0b.tar.gz"
      },
      "original": {
        "type": "tarball",
        "url": "https://github.com/NixOS/nixpkgs/archive/e9b51731911566bbf7e4895475a87fe06961de0b.tar.gz"
      }
    },
    "pyproject-build-systems": {
      "inputs": {
        "nixpkgs": [
          "nixpkgs"
        ],
        "pyproject-nix": [
          "pyproject-nix"
        ],
        "uv2nix": [
          "uv2nix"
        ]
      },
      "locked": {
        "lastModified": 1741647088,
        "narHash": "sha256-y/Aj21rMGdE23dcFfD4lRhNMgkhIRucp+uuWLWUXv0M=",
        "owner": "pyproject-nix",
        "repo": "build-system-pkgs",
        "rev": "6d7eced86469cf89ed4d19d91b870163deb0dca2",
        "type": "github"
      },
      "original": {
        "owner": "pyproject-nix",
        "repo": "build-system-pkgs",
        "type": "github"
      }
    },
    "pyproject-nix": {
      "inputs": {
        "nixpkgs": [
          "nixpkgs"
        ]
      },
      "locked": {
        "lastModified": 1741648141,
        "narHash": "sha256-jQEZCSCgm60NGmBg3JPu290DDhNVI1GVVEd0P8VCnME=",
        "owner": "pyproject-nix",
        "repo": "pyproject.nix",
        "rev": "7747e5a058245c7abe033a798f818f0572d8e155",
        "type": "github"
      },
      "original": {
        "owner": "pyproject-nix",
        "repo": "pyproject.nix",
        "type": "github"
      }
    },
    "root": {
      "inputs": {
        "flake-parts": "flake-parts",
        "flocken": "flocken",
        "nixpkgs": "nixpkgs",
        "pyproject-build-systems": "pyproject-build-systems",
        "pyproject-nix": "pyproject-nix",
        "systems": "systems_2",
        "treefmt-nix": "treefmt-nix",
        "uv2nix": "uv2nix"
      }
    },
    "systems": {
      "locked": {
        "lastModified": 1681028828,
        "narHash": "sha256-Vy1rq5AaRuLzOxct8nz4T6wlgyUR7zLU309k9mBC768=",
        "owner": "nix-systems",
        "repo": "default",
        "rev": "da67096a3b9bf56a91d16901293e51ba5b49a27e",
        "type": "github"
      },
      "original": {
        "owner": "nix-systems",
        "repo": "default",
        "type": "github"
      }
    },
    "systems_2": {
      "locked": {
        "lastModified": 1681028828,
        "narHash": "sha256-Vy1rq5AaRuLzOxct8nz4T6wlgyUR7zLU309k9mBC768=",
        "owner": "nix-systems",
        "repo": "default",
        "rev": "da67096a3b9bf56a91d16901293e51ba5b49a27e",
        "type": "github"
      },
      "original": {
        "owner": "nix-systems",
        "repo": "default",
        "type": "github"
      }
    },
    "treefmt-nix": {
      "inputs": {
        "nixpkgs": [
          "nixpkgs"
        ]
      },
      "locked": {
        "lastModified": 1739829690,
        "narHash": "sha256-mL1szCeIsjh6Khn3nH2cYtwO5YXG6gBiTw1A30iGeDU=",
        "owner": "numtide",
        "repo": "treefmt-nix",
        "rev": "3d0579f5cc93436052d94b73925b48973a104204",
        "type": "github"
      },
      "original": {
        "owner": "numtide",
        "repo": "treefmt-nix",
        "type": "github"
      }
    },
    "uv2nix": {
      "inputs": {
        "nixpkgs": [
          "nixpkgs"
        ],
        "pyproject-nix": [
          "pyproject-nix"
        ]
      },
      "locked": {
        "lastModified": 1742147344,
        "narHash": "sha256-//dMTPMfAeUFQWkwyuFF0NBTENliZF/p1gCWln2eDHA=",
        "owner": "pyproject-nix",
        "repo": "uv2nix",
        "rev": "3bc6e12cf559c2fd39ce6f4e5d408817e53ac648",
        "type": "github"
      },
      "original": {
        "owner": "pyproject-nix",
        "repo": "uv2nix",
        "type": "github"
      }
    }
  },
  "root": "root",
  "version": 7
}
